
Microsoft Visual Studio Solution File, Format Version 12.00
# Visual Studio Version 17
VisualStudioVersion = 17.11.35208.52
MinimumVisualStudioVersion = 10.0.40219.1
Project("{FAE04EC0-301F-11D3-BF4B-00C04F79EFBC}") = "logindatabase", "logindatabase\logindatabase.csproj", "{9330525A-FB9A-4C09-B52D-0534F6B241AA}"
EndProject
Global
	GlobalSection(SolutionConfigurationPlatforms) = preSolution
		Debug|Any CPU = Debug|Any CPU
		Release|Any CPU = Release|Any CPU
	EndGlobalSection
	GlobalSection(ProjectConfigurationPlatforms) = postSolution
		{9330525A-FB9A-4C09-B52D-0534F6B241AA}.Debug|Any CPU.ActiveCfg = Debug|Any CPU
		{9330525A-FB9A-4C09-B52D-0534F6B241AA}.Debug|Any CPU.Build.0 = Debug|Any CPU
		{9330525A-FB9A-4C09-B52D-0534F6B241AA}.Release|Any CPU.ActiveCfg = Release|Any CPU
		{9330525A-FB9A-4C09-B52D-0534F6B241AA}.Release|Any CPU.Build.0 = Release|Any CPU
	EndGlobalSection
	GlobalSection(SolutionProperties) = preSolution
		HideSolutionNode = FALSE
	EndGlobalSection
	GlobalSection(ExtensibilityGlobals) = postSolution
		SolutionGuid = {3E666C15-4E1D-4C34-99F4-DA8B4CFC8667}
	EndGlobalSection
EndGlobal
